// !$*UTF8*$!
{
	archiveVersion = 1;
	classes = {
	};
	objectVersion = 50;
	objects = {

/* Begin PBXBuildFile section */
		281A5D2921B5B56700FF2837 /* AppDelegate.swift in Sources */ = {isa = PBXBuildFile; fileRef = 281A5D2821B5B56700FF2837 /* AppDelegate.swift */; };
		281A5D2E21B5B56700FF2837 /* Main.storyboard in Resources */ = {isa = PBXBuildFile; fileRef = 281A5D2C21B5B56700FF2837 /* Main.storyboard */; };
		281A5D3021B5B56900FF2837 /* Assets.xcassets in Resources */ = {isa = PBXBuildFile; fileRef = 281A5D2F21B5B56900FF2837 /* Assets.xcassets */; };
		281A5D3321B5B56900FF2837 /* LaunchScreen.storyboard in Resources */ = {isa = PBXBuildFile; fileRef = 281A5D3121B5B56900FF2837 /* LaunchScreen.storyboard */; };
		281A5D3E21B5B56900FF2837 /* Assignment2Tests.swift in Sources */ = {isa = PBXBuildFile; fileRef = 281A5D3D21B5B56900FF2837 /* Assignment2Tests.swift */; };
		281A5D4921B5B56900FF2837 /* Assignment2UITests.swift in Sources */ = {isa = PBXBuildFile; fileRef = 281A5D4821B5B56900FF2837 /* Assignment2UITests.swift */; };
		281A5D9721B5BB0500FF2837 /* Model.swift in Sources */ = {isa = PBXBuildFile; fileRef = 281A5D9621B5BB0500FF2837 /* Model.swift */; };
		281A5D9921B5C8C200FF2837 /* MainViewController.swift in Sources */ = {isa = PBXBuildFile; fileRef = 281A5D9821B5C8C200FF2837 /* MainViewController.swift */; };
/* End PBXBuildFile section */

/* Begin PBXContainerItemProxy section */
		281A5D3A21B5B56900FF2837 /* PBXContainerItemProxy */ = {
			isa = PBXContainerItemProxy;
			containerPortal = 281A5D1D21B5B56700FF2837 /* Project object */;
			proxyType = 1;
			remoteGlobalIDString = 281A5D2421B5B56700FF2837;
			remoteInfo = Assignment2;
		};
		281A5D4521B5B56900FF2837 /* PBXContainerItemProxy */ = {
			isa = PBXContainerItemProxy;
			containerPortal = 281A5D1D21B5B56700FF2837 /* Project object */;
			proxyType = 1;
			remoteGlobalIDString = 281A5D2421B5B56700FF2837;
			remoteInfo = Assignment2;
		};
/* End PBXContainerItemProxy section */

/* Begin PBXFileReference section */
		281A5D2521B5B56700FF2837 /* Assignment2.app */ = {isa = PBXFileReference; explicitFileType = wrapper.application; includeInIndex = 0; path = Assignment2.app; sourceTree = BUILT_PRODUCTS_DIR; };
		281A5D2821B5B56700FF2837 /* AppDelegate.swift */ = {isa = PBXFileReference; lastKnownFileType = sourcecode.swift; path = AppDelegate.swift; sourceTree = "<group>"; };
		281A5D2D21B5B56700FF2837 /* Base */ = {isa = PBXFileReference; lastKnownFileType = file.storyboard; name = Base; path = Base.lproj/Main.storyboard; sourceTree = "<group>"; };
		281A5D2F21B5B56900FF2837 /* Assets.xcassets */ = {isa = PBXFileReference; lastKnownFileType = folder.assetcatalog; path = Assets.xcassets; sourceTree = "<group>"; };
		281A5D3221B5B56900FF2837 /* Base */ = {isa = PBXFileReference; lastKnownFileType = file.storyboard; name = Base; path = Base.lproj/LaunchScreen.storyboard; sourceTree = "<group>"; };
		281A5D3421B5B56900FF2837 /* Info.plist */ = {isa = PBXFileReference; lastKnownFileType = text.plist.xml; path = Info.plist; sourceTree = "<group>"; };
		281A5D3921B5B56900FF2837 /* Assignment2Tests.xctest */ = {isa = PBXFileReference; explicitFileType = wrapper.cfbundle; includeInIndex = 0; path = Assignment2Tests.xctest; sourceTree = BUILT_PRODUCTS_DIR; };
		281A5D3D21B5B56900FF2837 /* Assignment2Tests.swift */ = {isa = PBXFileReference; lastKnownFileType = sourcecode.swift; path = Assignment2Tests.swift; sourceTree = "<group>"; };
		281A5D3F21B5B56900FF2837 /* Info.plist */ = {isa = PBXFileReference; lastKnownFileType = text.plist.xml; path = Info.plist; sourceTree = "<group>"; };
		281A5D4421B5B56900FF2837 /* Assignment2UITests.xctest */ = {isa = PBXFileReference; explicitFileType = wrapper.cfbundle; includeInIndex = 0; path = Assignment2UITests.xctest; sourceTree = BUILT_PRODUCTS_DIR; };
		281A5D4821B5B56900FF2837 /* Assignment2UITests.swift */ = {isa = PBXFileReference; lastKnownFileType = sourcecode.swift; path = Assignment2UITests.swift; sourceTree = "<group>"; };
		281A5D4A21B5B56900FF2837 /* Info.plist */ = {isa = PBXFileReference; lastKnownFileType = text.plist.xml; path = Info.plist; sourceTree = "<group>"; };
		281A5D9621B5BB0500FF2837 /* Model.swift */ = {isa = PBXFileReference; lastKnownFileType = sourcecode.swift; path = Model.swift; sourceTree = "<group>"; };
		281A5D9821B5C8C200FF2837 /* MainViewController.swift */ = {isa = PBXFileReference; lastKnownFileType = sourcecode.swift; path = MainViewController.swift; sourceTree = "<group>"; };
/* End PBXFileReference section */

/* Begin PBXFrameworksBuildPhase section */
		281A5D2221B5B56700FF2837 /* Frameworks */ = {
			isa = PBXFrameworksBuildPhase;
			buildActionMask = 2147483647;
			files = (
			);
			runOnlyForDeploymentPostprocessing = 0;
		};
		281A5D3621B5B56900FF2837 /* Frameworks */ = {
			isa = PBXFrameworksBuildPhase;
			buildActionMask = 2147483647;
			files = (
			);
			runOnlyForDeploymentPostprocessing = 0;
		};
		281A5D4121B5B56900FF2837 /* Frameworks */ = {
			isa = PBXFrameworksBuildPhase;
			buildActionMask = 2147483647;
			files = (
			);
			runOnlyForDeploymentPostprocessing = 0;
		};
/* End PBXFrameworksBuildPhase section */

/* Begin PBXGroup section */
		281A5D1C21B5B56700FF2837 = {
			isa = PBXGroup;
			children = (
				281A5D2721B5B56700FF2837 /* Assignment2 */,
				281A5D3C21B5B56900FF2837 /* Assignment2Tests */,
				281A5D4721B5B56900FF2837 /* Assignment2UITests */,
				281A5D2621B5B56700FF2837 /* Products */,
			);
			sourceTree = "<group>";
		};
		281A5D2621B5B56700FF2837 /* Products */ = {
			isa = PBXGroup;
			children = (
				281A5D2521B5B56700FF2837 /* Assignment2.app */,
				281A5D3921B5B56900FF2837 /* Assignment2Tests.xctest */,
				281A5D4421B5B56900FF2837 /* Assignment2UITests.xctest */,
			);
			name = Products;
			sourceTree = "<group>";
		};
		281A5D2721B5B56700FF2837 /* Assignment2 */ = {
			isa = PBXGroup;
			children = (
				281A5D2821B5B56700FF2837 /* AppDelegate.swift */,
				281A5D9621B5BB0500FF2837 /* Model.swift */,
				281A5D9821B5C8C200FF2837 /* MainViewController.swift */,
				281A5D2C21B5B56700FF2837 /* Main.storyboard */,
				281A5D2F21B5B56900FF2837 /* Assets.xcassets */,
				281A5D3121B5B56900FF2837 /* LaunchScreen.storyboard */,
				281A5D3421B5B56900FF2837 /* Info.plist */,
			);
			path = Assignment2;
			sourceTree = "<group>";
		};
		281A5D3C21B5B56900FF2837 /* Assignment2Tests */ = {
			isa = PBXGroup;
			children = (
				281A5D3D21B5B56900FF2837 /* Assignment2Tests.swift */,
				281A5D3F21B5B56900FF2837 /* Info.plist */,
			);
			path = Assignment2Tests;
			sourceTree = "<group>";
		};
		281A5D4721B5B56900FF2837 /* Assignment2UITests */ = {
			isa = PBXGroup;
			children = (
				281A5D4821B5B56900FF2837 /* Assignment2UITests.swift */,
				281A5D4A21B5B56900FF2837 /* Info.plist */,
			);
			path = Assignment2UITests;
			sourceTree = "<group>";
		};
/* End PBXGroup section */

/* Begin PBXNativeTarget section */
		281A5D2421B5B56700FF2837 /* Assignment2 */ = {
			isa = PBXNativeTarget;
			buildConfigurationList = 281A5D4D21B5B56900FF2837 /* Build configuration list for PBXNativeTarget "Assignment2" */;
			buildPhases = (
				281A5D2121B5B56700FF2837 /* Sources */,
				281A5D2221B5B56700FF2837 /* Frameworks */,
				281A5D2321B5B56700FF2837 /* Resources */,
			);
			buildRules = (
			);
			dependencies = (
			);
			name = Assignment2;
			productName = Assignment2;
			productReference = 281A5D2521B5B56700FF2837 /* Assignment2.app */;
			productType = "com.apple.product-type.application";
		};
		281A5D3821B5B56900FF2837 /* Assignment2Tests */ = {
			isa = PBXNativeTarget;
			buildConfigurationList = 281A5D5021B5B56900FF2837 /* Build configuration list for PBXNativeTarget "Assignment2Tests" */;
			buildPhases = (
				281A5D3521B5B56900FF2837 /* Sources */,
				281A5D3621B5B56900FF2837 /* Frameworks */,
				281A5D3721B5B56900FF2837 /* Resources */,
			);
			buildRules = (
			);
			dependencies = (
				281A5D3B21B5B56900FF2837 /* PBXTargetDependency */,
			);
			name = Assignment2Tests;
			productName = Assignment2Tests;
			productReference = 281A5D3921B5B56900FF2837 /* Assignment2Tests.xctest */;
			productType = "com.apple.product-type.bundle.unit-test";
		};
		281A5D4321B5B56900FF2837 /* Assignment2UITests */ = {
			isa = PBXNativeTarget;
			buildConfigurationList = 281A5D5321B5B56900FF2837 /* Build configuration list for PBXNativeTarget "Assignment2UITests" */;
			buildPhases = (
				281A5D4021B5B56900FF2837 /* Sources */,
				281A5D4121B5B56900FF2837 /* Frameworks */,
				281A5D4221B5B56900FF2837 /* Resources */,
			);
			buildRules = (
			);
			dependencies = (
				281A5D4621B5B56900FF2837 /* PBXTargetDependency */,
			);
			name = Assignment2UITests;
			productName = Assignment2UITests;
			productReference = 281A5D4421B5B56900FF2837 /* Assignment2UITests.xctest */;
			productType = "com.apple.product-type.bundle.ui-testing";
		};
/* End PBXNativeTarget section */

/* Begin PBXProject section */
		281A5D1D21B5B56700FF2837 /* Project object */ = {
			isa = PBXProject;
			attributes = {
				LastSwiftUpdateCheck = 0940;
				LastUpgradeCheck = 0940;
				ORGANIZATIONNAME = "Carmody, Joseph (UMSL-Student)";
				TargetAttributes = {
					281A5D2421B5B56700FF2837 = {
						CreatedOnToolsVersion = 9.4.1;
					};
					281A5D3821B5B56900FF2837 = {
						CreatedOnToolsVersion = 9.4.1;
						TestTargetID = 281A5D2421B5B56700FF2837;
					};
					281A5D4321B5B56900FF2837 = {
						CreatedOnToolsVersion = 9.4.1;
						TestTargetID = 281A5D2421B5B56700FF2837;
					};
				};
			};
			buildConfigurationList = 281A5D2021B5B56700FF2837 /* Build configuration list for PBXProject "Assignment2" */;
			compatibilityVersion = "Xcode 9.3";
			developmentRegion = en;
			hasScannedForEncodings = 0;
			knownRegions = (
				en,
				Base,
			);
			mainGroup = 281A5D1C21B5B56700FF2837;
			productRefGroup = 281A5D2621B5B56700FF2837 /* Products */;
			projectDirPath = "";
			projectRoot = "";
			targets = (
				281A5D2421B5B56700FF2837 /* Assignment2 */,
				281A5D3821B5B56900FF2837 /* Assignment2Tests */,
				281A5D4321B5B56900FF2837 /* Assignment2UITests */,
			);
		};
/* End PBXProject section */

/* Begin PBXResourcesBuildPhase section */
		281A5D2321B5B56700FF2837 /* Resources */ = {
			isa = PBXResourcesBuildPhase;
			buildActionMask = 2147483647;
			files = (
				281A5D3321B5B56900FF2837 /* LaunchScreen.storyboard in Resources */,
				281A5D3021B5B56900FF2837 /* Assets.xcassets in Resources */,
				281A5D2E21B5B56700FF2837 /* Main.storyboard in Resources */,
			);
			runOnlyForDeploymentPostprocessing = 0;
		};
		281A5D3721B5B56900FF2837 /* Resources */ = {
			isa = PBXResourcesBuildPhase;
			buildActionMask = 2147483647;
			files = (
			);
			runOnlyForDeploymentPostprocessing = 0;
		};
		281A5D4221B5B56900FF2837 /* Resources */ = {
			isa = PBXResourcesBuildPhase;
			buildActionMask = 2147483647;
			files = (
			);
			runOnlyForDeploymentPostprocessing = 0;
		};
/* End PBXResourcesBuildPhase section */

/* Begin PBXSourcesBuildPhase section */
		281A5D2121B5B56700FF2837 /* Sources */ = {
			isa = PBXSourcesBuildPhase;
			buildActionMask = 2147483647;
			files = (
				281A5D9921B5C8C200FF2837 /* MainViewController.swift in Sources */,
				281A5D9721B5BB0500FF2837 /* Model.swift in Sources */,
				281A5D2921B5B56700FF2837 /* AppDelegate.swift in Sources */,
			);
			runOnlyForDeploymentPostprocessing = 0;
		};
		281A5D3521B5B56900FF2837 /* Sources */ = {
			isa = PBXSourcesBuildPhase;
			buildActionMask = 2147483647;
			files = (
				281A5D3E21B5B56900FF2837 /* Assignment2Tests.swift in Sources */,
			);
			runOnlyForDeploymentPostprocessing = 0;
		};
		281A5D4021B5B56900FF2837 /* Sources */ = {
			isa = PBXSourcesBuildPhase;
			buildActionMask = 2147483647;
			files = (
				281A5D4921B5B56900FF2837 /* Assignment2UITests.swift in Sources */,
			);
			runOnlyForDeploymentPostprocessing = 0;
		};
/* End PBXSourcesBuildPhase section */

/* Begin PBXTargetDependency section */
		281A5D3B21B5B56900FF2837 /* PBXTargetDependency */ = {
			isa = PBXTargetDependency;
			target = 281A5D2421B5B56700FF2837 /* Assignment2 */;
			targetProxy = 281A5D3A21B5B56900FF2837 /* PBXContainerItemProxy */;
		};
		281A5D4621B5B56900FF2837 /* PBXTargetDependency */ = {
			isa = PBXTargetDependency;
			target = 281A5D2421B5B56700FF2837 /* Assignment2 */;
			targetProxy = 281A5D4521B5B56900FF2837 /* PBXContainerItemProxy */;
		};
/* End PBXTargetDependency section */

/* Begin PBXVariantGroup section */
		281A5D2C21B5B56700FF2837 /* Main.storyboard */ = {
			isa = PBXVariantGroup;
			children = (
				281A5D2D21B5B56700FF2837 /* Base */,
			);
			name = Main.storyboard;
			sourceTree = "<group>";
		};
		281A5D3121B5B56900FF2837 /* LaunchScreen.storyboard */ = {
			isa = PBXVariantGroup;
			children = (
				281A5D3221B5B56900FF2837 /* Base */,
			);
			name = LaunchScreen.storyboard;
			sourceTree = "<group>";
		};
/* End PBXVariantGroup section */

/* Begin XCBuildConfiguration section */
		281A5D4B21B5B56900FF2837 /* Debug */ = {
			isa = XCBuildConfiguration;
			buildSettings = {
				ALWAYS_SEARCH_USER_PATHS = NO;
				CLANG_ANALYZER_NONNULL = YES;
				CLANG_ANALYZER_NUMBER_OBJECT_CONVERSION = YES_AGGRESSIVE;
				CLANG_CXX_LANGUAGE_STANDARD = "gnu++14";
				CLANG_CXX_LIBRARY = "libc++";
				CLANG_ENABLE_MODULES = YES;
				CLANG_ENABLE_OBJC_ARC = YES;
				CLANG_ENABLE_OBJC_WEAK = YES;
				CLANG_WARN_BLOCK_CAPTURE_AUTORELEASING = YES;
				CLANG_WARN_BOOL_CONVERSION = YES;
				CLANG_WARN_COMMA = YES;
				CLANG_WARN_CONSTANT_CONVERSION = YES;
				CLANG_WARN_DEPRECATED_OBJC_IMPLEMENTATIONS = YES;
				CLANG_WARN_DIRECT_OBJC_ISA_USAGE = YES_ERROR;
				CLANG_WARN_DOCUMENTATION_COMMENTS = YES;
				CLANG_WARN_EMPTY_BODY = YES;
				CLANG_WARN_ENUM_CONVERSION = YES;
				CLANG_WARN_INFINITE_RECURSION = YES;
				CLANG_WARN_INT_CONVERSION = YES;
				CLANG_WARN_NON_LITERAL_NULL_CONVERSION = YES;
				CLANG_WARN_OBJC_IMPLICIT_RETAIN_SELF = YES;
				CLANG_WARN_OBJC_LITERAL_CONVERSION = YES;
				CLANG_WARN_OBJC_ROOT_CLASS = YES_ERROR;
				CLANG_WARN_RANGE_LOOP_ANALYSIS = YES;
				CLANG_WARN_STRICT_PROTOTYPES = YES;
				CLANG_WARN_SUSPICIOUS_MOVE = YES;
				CLANG_WARN_UNGUARDED_AVAILABILITY = YES_AGGRESSIVE;
				CLANG_WARN_UNREACHABLE_CODE = YES;
				CLANG_WARN__DUPLICATE_METHOD_MATCH = YES;
				CODE_SIGN_IDENTITY = "iPhone Developer";
				COPY_PHASE_STRIP = NO;
				DEBUG_INFORMATION_FORMAT = dwarf;
				ENABLE_STRICT_OBJC_MSGSEND = YES;
				ENABLE_TESTABILITY = YES;
				GCC_C_LANGUAGE_STANDARD = gnu11;
				GCC_DYNAMIC_NO_PIC = NO;
				GCC_NO_COMMON_BLOCKS = YES;
				GCC_OPTIMIZATION_LEVEL = 0;
				GCC_PREPROCESSOR_DEFINITIONS = (
					"DEBUG=1",
					"$(inherited)",
				);
				GCC_WARN_64_TO_32_BIT_CONVERSION = YES;
				GCC_WARN_ABOUT_RETURN_TYPE = YES_ERROR;
				GCC_WARN_UNDECLARED_SELECTOR = YES;
				GCC_WARN_UNINITIALIZED_AUTOS = YES_AGGRESSIVE;
				GCC_WARN_UNUSED_FUNCTION = YES;
				GCC_WARN_UNUSED_VARIABLE = YES;
				IPHONEOS_DEPLOYMENT_TARGET = 11.4;
				MTL_ENABLE_DEBUG_INFO = YES;
				ONLY_ACTIVE_ARCH = YES;
				SDKROOT = iphoneos;
				SWIFT_ACTIVE_COMPILATION_CONDITIONS = DEBUG;
				SWIFT_OPTIMIZATION_LEVEL = "-Onone";
			};
			name = Debug;
		};
		281A5D4C21B5B56900FF2837 /* Release */ = {
			isa = XCBuildConfiguration;
			buildSettings = {
				ALWAYS_SEARCH_USER_PATHS = NO;
				CLANG_ANALYZER_NONNULL = YES;
				CLANG_ANALYZER_NUMBER_OBJECT_CONVERSION = YES_AGGRESSIVE;
				CLANG_CXX_LANGUAGE_STANDARD = "gnu++14";
				CLANG_CXX_LIBRARY = "libc++";
				CLANG_ENABLE_MODULES = YES;
				CLANG_ENABLE_OBJC_ARC = YES;
				CLANG_ENABLE_OBJC_WEAK = YES;
				CLANG_WARN_BLOCK_CAPTURE_AUTORELEASING = YES;
				CLANG_WARN_BOOL_CONVERSION = YES;
				CLANG_WARN_COMMA = YES;
				CLANG_WARN_CONSTANT_CONVERSION = YES;
				CLANG_WARN_DEPRECATED_OBJC_IMPLEMENTATIONS = YES;
				CLANG_WARN_DIRECT_OBJC_ISA_USAGE = YES_ERROR;
				CLANG_WARN_DOCUMENTATION_COMMENTS = YES;
				CLANG_WARN_EMPTY_BODY = YES;
				CLANG_WARN_ENUM_CONVERSION = YES;
				CLANG_WARN_INFINITE_RECURSION = YES;
				CLANG_WARN_INT_CONVERSION = YES;
				CLANG_WARN_NON_LITERAL_NULL_CONVERSION = YES;
				CLANG_WARN_OBJC_IMPLICIT_RETAIN_SELF = YES;
				CLANG_WARN_OBJC_LITERAL_CONVERSION = YES;
				CLANG_WARN_OBJC_ROOT_CLASS = YES_ERROR;
				CLANG_WARN_RANGE_LOOP_ANALYSIS = YES;
				CLANG_WARN_STRICT_PROTOTYPES = YES;
				CLANG_WARN_SUSPICIOUS_MOVE = YES;
				CLANG_WARN_UNGUARDED_AVAILABILITY = YES_AGGRESSIVE;
				CLANG_WARN_UNREACHABLE_CODE = YES;
				CLANG_WARN__DUPLICATE_METHOD_MATCH = YES;
				CODE_SIGN_IDENTITY = "iPhone Developer";
				COPY_PHASE_STRIP = NO;
				DEBUG_INFORMATION_FORMAT = "dwarf-with-dsym";
				ENABLE_NS_ASSERTIONS = NO;
				ENABLE_STRICT_OBJC_MSGSEND = YES;
				GCC_C_LANGUAGE_STANDARD = gnu11;
				GCC_NO_COMMON_BLOCKS = YES;
				GCC_WARN_64_TO_32_BIT_CONVERSION = YES;
				GCC_WARN_ABOUT_RETURN_TYPE = YES_ERROR;
				GCC_WARN_UNDECLARED_SELECTOR = YES;
				GCC_WARN_UNINITIALIZED_AUTOS = YES_AGGRESSIVE;
				GCC_WARN_UNUSED_FUNCTION = YES;
				GCC_WARN_UNUSED_VARIABLE = YES;
				IPHONEOS_DEPLOYMENT_TARGET = 11.4;
				MTL_ENABLE_DEBUG_INFO = NO;
				SDKROOT = iphoneos;
				SWIFT_COMPILATION_MODE = wholemodule;
				SWIFT_OPTIMIZATION_LEVEL = "-O";
				VALIDATE_PRODUCT = YES;
			};
			name = Release;
		};
		281A5D4E21B5B56900FF2837 /* Debug */ = {
			isa = XCBuildConfiguration;
			buildSettings = {
				ASSETCATALOG_COMPILER_APPICON_NAME = AppIcon;
				CODE_SIGN_STYLE = Automatic;
				INFOPLIST_FILE = Assignment2/Info.plist;
				LD_RUNPATH_SEARCH_PATHS = (
					"$(inherited)",
					"@executable_path/Frameworks",
				);
				PRODUCT_BUNDLE_IDENTIFIER = joe.Assignment2;
				PRODUCT_NAME = "$(TARGET_NAME)";
				SWIFT_VERSION = 4.0;
				TARGETED_DEVICE_FAMILY = "1,2";
			};
			name = Debug;
		};
		281A5D4F21B5B56900FF2837 /* Release */ = {
			isa = XCBuildConfiguration;
			buildSettings = {
				ASSETCATALOG_COMPILER_APPICON_NAME = AppIcon;
				CODE_SIGN_STYLE = Automatic;
				INFOPLIST_FILE = Assignment2/Info.plist;
				LD_RUNPATH_SEARCH_PATHS = (
					"$(inherited)",
					"@executable_path/Frameworks",
				);
				PRODUCT_BUNDLE_IDENTIFIER = joe.Assignment2;
				PRODUCT_NAME = "$(TARGET_NAME)";
				SWIFT_VERSION = 4.0;
				TARGETED_DEVICE_FAMILY = "1,2";
			};
			name = Release;
		};
		281A5D5121B5B56900FF2837 /* Debug */ = {
			isa = XCBuildConfiguration;
			buildSettings = {
				ALWAYS_EMBED_SWIFT_STANDARD_LIBRARIES = YES;
				BUNDLE_LOADER = "$(TEST_HOST)";
				CODE_SIGN_STYLE = Automatic;
				INFOPLIST_FILE = Assignment2Tests/Info.plist;
				LD_RUNPATH_SEARCH_PATHS = (
					"$(inherited)",
					"@executable_path/Frameworks",
					"@loader_path/Frameworks",
				);
				PRODUCT_BUNDLE_IDENTIFIER = joe.Assignment2Tests;
				PRODUCT_NAME = "$(TARGET_NAME)";
				SWIFT_VERSION = 4.0;
				TARGETED_DEVICE_FAMILY = "1,2";
				TEST_HOST = "$(BUILT_PRODUCTS_DIR)/Assignment2.app/Assignment2";
			};
			name = Debug;
		};
		281A5D5221B5B56900FF2837 /* Release */ = {
			isa = XCBuildConfiguration;
			buildSettings = {
				ALWAYS_EMBED_SWIFT_STANDARD_LIBRARIES = YES;
				BUNDLE_LOADER = "$(TEST_HOST)";
				CODE_SIGN_STYLE = Automatic;
				INFOPLIST_FILE = Assignment2Tests/Info.plist;
				LD_RUNPATH_SEARCH_PATHS = (
					"$(inherited)",
					"@executable_path/Frameworks",
					"@loader_path/Frameworks",
				);
				PRODUCT_BUNDLE_IDENTIFIER = joe.Assignment2Tests;
				PRODUCT_NAME = "$(TARGET_NAME)";
				SWIFT_VERSION = 4.0;
				TARGETED_DEVICE_FAMILY = "1,2";
				TEST_HOST = "$(BUILT_PRODUCTS_DIR)/Assignment2.app/Assignment2";
			};
			name = Release;
		};
		281A5D5421B5B56900FF2837 /* Debug */ = {
			isa = XCBuildConfiguration;
			buildSettings = {
				ALWAYS_EMBED_SWIFT_STANDARD_LIBRARIES = YES;
				CODE_SIGN_STYLE = Automatic;
				INFOPLIST_FILE = Assignment2UITests/Info.plist;
				LD_RUNPATH_SEARCH_PATHS = (
					"$(inherited)",
					"@executable_path/Frameworks",
					"@loader_path/Frameworks",
				);
				PRODUCT_BUNDLE_IDENTIFIER = joe.Assignment2UITests;
				PRODUCT_NAME = "$(TARGET_NAME)";
				SWIFT_VERSION = 4.0;
				TARGETED_DEVICE_FAMILY = "1,2";
				TEST_TARGET_NAME = Assignment2;
			};
			name = Debug;
		};
		281A5D5521B5B56900FF2837 /* Release */ = {
			isa = XCBuildConfiguration;
			buildSettings = {
				ALWAYS_EMBED_SWIFT_STANDARD_LIBRARIES = YES;
				CODE_SIGN_STYLE = Automatic;
				INFOPLIST_FILE = Assignment2UITests/Info.plist;
				LD_RUNPATH_SEARCH_PATHS = (
					"$(inherited)",
					"@executable_path/Frameworks",
					"@loader_path/Frameworks",
				);
				PRODUCT_BUNDLE_IDENTIFIER = joe.Assignment2UITests;
				PRODUCT_NAME = "$(TARGET_NAME)";
				SWIFT_VERSION = 4.0;
				TARGETED_DEVICE_FAMILY = "1,2";
				TEST_TARGET_NAME = Assignment2;
			};
			name = Release;
		};
/* End XCBuildConfiguration section */

/* Begin XCConfigurationList section */
		281A5D2021B5B56700FF2837 /* Build configuration list for PBXProject "Assignment2" */ = {
			isa = XCConfigurationList;
			buildConfigurations = (
				281A5D4B21B5B56900FF2837 /* Debug */,
				281A5D4C21B5B56900FF2837 /* Release */,
			);
			defaultConfigurationIsVisible = 0;
			defaultConfigurationName = Release;
		};
		281A5D4D21B5B56900FF2837 /* Build configuration list for PBXNativeTarget "Assignment2" */ = {
			isa = XCConfigurationList;
			buildConfigurations = (
				281A5D4E21B5B56900FF2837 /* Debug */,
				281A5D4F21B5B56900FF2837 /* Release */,
			);
			defaultConfigurationIsVisible = 0;
			defaultConfigurationName = Release;
		};
		281A5D5021B5B56900FF2837 /* Build configuration list for PBXNativeTarget "Assignment2Tests" */ = {
			isa = XCConfigurationList;
			buildConfigurations = (
				281A5D5121B5B56900FF2837 /* Debug */,
				281A5D5221B5B56900FF2837 /* Release */,
			);
			defaultConfigurationIsVisible = 0;
			defaultConfigurationName = Release;
		};
		281A5D5321B5B56900FF2837 /* Build configuration list for PBXNativeTarget "Assignment2UITests" */ = {
			isa = XCConfigurationList;
			buildConfigurations = (
				281A5D5421B5B56900FF2837 /* Debug */,
				281A5D5521B5B56900FF2837 /* Release */,
			);
			defaultConfigurationIsVisible = 0;
			defaultConfigurationName = Release;
		};
/* End XCConfigurationList section */
	};
	rootObject = 281A5D1D21B5B56700FF2837 /* Project object */;
}
